
Microsoft Visual Studio Solution File, Format Version 12.00
# Visual Studio Version 16
VisualStudioVersion = 16.0.31313.79
MinimumVisualStudioVersion = 10.0.40219.1
Project("{FAE04EC0-301F-11D3-BF4B-00C04F79EFBC}") = "ConsoleApp2", "ConsoleApp2.csproj", "{62EDD648-979E-43FA-8DD8-6121B1A5B79D}"
EndProject
Global
	GlobalSection(SolutionConfigurationPlatforms) = preSolution
		Debug|Any CPU = Debug|Any CPU
		Release|Any CPU = Release|Any CPU
	EndGlobalSection
	GlobalSection(ProjectConfigurationPlatforms) = postSolution
		{62EDD648-979E-43FA-8DD8-6121B1A5B79D}.Debug|Any CPU.ActiveCfg = Debug|Any CPU
		{62EDD648-979E-43FA-8DD8-6121B1A5B79D}.Debug|Any CPU.Build.0 = Debug|Any CPU
		{62EDD648-979E-43FA-8DD8-6121B1A5B79D}.Release|Any CPU.ActiveCfg = Release|Any CPU
		{62EDD648-979E-43FA-8DD8-6121B1A5B79D}.Release|Any CPU.Build.0 = Release|Any CPU
	EndGlobalSection
	GlobalSection(SolutionProperties) = preSolution
		HideSolutionNode = FALSE
	EndGlobalSection
	GlobalSection(ExtensibilityGlobals) = postSolution
		SolutionGuid = {B846456F-1A84-4858-B822-010A2670946F}
	EndGlobalSection
EndGlobal
